
Microsoft Visual Studio Solution File, Format Version 12.00
# Visual Studio 15
VisualStudioVersion = 15.0.27703.2035
MinimumVisualStudioVersion = 10.0.40219.1
Project("{FAE04EC0-301F-11D3-BF4B-00C04F79EFBC}") = "ConditionStatements", "ConsoleApp1\ConditionStatements.csproj", "{BB9EBDE0-95EF-42D2-8017-1755EDA96575}"
EndProject
Project("{FAE04EC0-301F-11D3-BF4B-00C04F79EFBC}") = "ConsoleApp2", "ConsoleApp2\ConsoleApp2.csproj", "{48965977-7DAE-4E2F-9B3B-5EE15E1AF2A1}"
EndProject
Project("{FAE04EC0-301F-11D3-BF4B-00C04F79EFBC}") = "ConsoleApp3", "ConsoleApp3\ConsoleApp3.csproj", "{E456B89B-00A7-472D-BE7E-805445C49C23}"
EndProject
Project("{FAE04EC0-301F-11D3-BF4B-00C04F79EFBC}") = "ConsoleApp4", "ConsoleApp4\ConsoleApp4.csproj", "{B76F6611-55FE-4C13-A857-E828610BDAF3}"
EndProject
Project("{FAE04EC0-301F-11D3-BF4B-00C04F79EFBC}") = "ConsoleApp5", "ConsoleApp5\ConsoleApp5.csproj", "{2A8FCEA4-4F9C-4212-B4FF-E33BE7F7F33E}"
EndProject
Project("{FAE04EC0-301F-11D3-BF4B-00C04F79EFBC}") = "ConsoleApp6", "ConsoleApp6\ConsoleApp6.csproj", "{EA6544C6-96F7-416A-A174-993AA3E8DC53}"
EndProject
Project("{FAE04EC0-301F-11D3-BF4B-00C04F79EFBC}") = "ConsoleApp7", "ConsoleApp7\ConsoleApp7.csproj", "{B87C9C8C-6D1F-44DD-8DE8-571EBB52744D}"
EndProject
Project("{FAE04EC0-301F-11D3-BF4B-00C04F79EFBC}") = "ConsoleApp8", "ConsoleApp8\ConsoleApp8.csproj", "{CECF645F-CCEA-4CCA-AF0C-4CB715FEBAA9}"
EndProject
Project("{FAE04EC0-301F-11D3-BF4B-00C04F79EFBC}") = "ConsoleApp9", "ConsoleApp9\ConsoleApp9.csproj", "{1EA440B5-BA2D-449D-8481-C95C048FE898}"
EndProject
Project("{FAE04EC0-301F-11D3-BF4B-00C04F79EFBC}") = "ConsoleApp10", "ConsoleApp10\ConsoleApp10.csproj", "{7B7DCBB0-D8D9-486C-85AF-BA1056C57583}"
EndProject
Project("{FAE04EC0-301F-11D3-BF4B-00C04F79EFBC}") = "ConsoleApp11", "ConsoleApp11\ConsoleApp11.csproj", "{303E1B36-B09F-4098-BF7C-0F6F991B2D59}"
EndProject
Global
	GlobalSection(SolutionConfigurationPlatforms) = preSolution
		Debug|Any CPU = Debug|Any CPU
		Release|Any CPU = Release|Any CPU
	EndGlobalSection
	GlobalSection(ProjectConfigurationPlatforms) = postSolution
		{BB9EBDE0-95EF-42D2-8017-1755EDA96575}.Debug|Any CPU.ActiveCfg = Debug|Any CPU
		{BB9EBDE0-95EF-42D2-8017-1755EDA96575}.Debug|Any CPU.Build.0 = Debug|Any CPU
		{BB9EBDE0-95EF-42D2-8017-1755EDA96575}.Release|Any CPU.ActiveCfg = Release|Any CPU
		{BB9EBDE0-95EF-42D2-8017-1755EDA96575}.Release|Any CPU.Build.0 = Release|Any CPU
		{48965977-7DAE-4E2F-9B3B-5EE15E1AF2A1}.Debug|Any CPU.ActiveCfg = Debug|Any CPU
		{48965977-7DAE-4E2F-9B3B-5EE15E1AF2A1}.Debug|Any CPU.Build.0 = Debug|Any CPU
		{48965977-7DAE-4E2F-9B3B-5EE15E1AF2A1}.Release|Any CPU.ActiveCfg = Release|Any CPU
		{48965977-7DAE-4E2F-9B3B-5EE15E1AF2A1}.Release|Any CPU.Build.0 = Release|Any CPU
		{E456B89B-00A7-472D-BE7E-805445C49C23}.Debug|Any CPU.ActiveCfg = Debug|Any CPU
		{E456B89B-00A7-472D-BE7E-805445C49C23}.Debug|Any CPU.Build.0 = Debug|Any CPU
		{E456B89B-00A7-472D-BE7E-805445C49C23}.Release|Any CPU.ActiveCfg = Release|Any CPU
		{E456B89B-00A7-472D-BE7E-805445C49C23}.Release|Any CPU.Build.0 = Release|Any CPU
		{B76F6611-55FE-4C13-A857-E828610BDAF3}.Debug|Any CPU.ActiveCfg = Debug|Any CPU
		{B76F6611-55FE-4C13-A857-E828610BDAF3}.Debug|Any CPU.Build.0 = Debug|Any CPU
		{B76F6611-55FE-4C13-A857-E828610BDAF3}.Release|Any CPU.ActiveCfg = Release|Any CPU
		{B76F6611-55FE-4C13-A857-E828610BDAF3}.Release|Any CPU.Build.0 = Release|Any CPU
		{2A8FCEA4-4F9C-4212-B4FF-E33BE7F7F33E}.Debug|Any CPU.ActiveCfg = Debug|Any CPU
		{2A8FCEA4-4F9C-4212-B4FF-E33BE7F7F33E}.Debug|Any CPU.Build.0 = Debug|Any CPU
		{2A8FCEA4-4F9C-4212-B4FF-E33BE7F7F33E}.Release|Any CPU.ActiveCfg = Release|Any CPU
		{2A8FCEA4-4F9C-4212-B4FF-E33BE7F7F33E}.Release|Any CPU.Build.0 = Release|Any CPU
		{EA6544C6-96F7-416A-A174-993AA3E8DC53}.Debug|Any CPU.ActiveCfg = Debug|Any CPU
		{EA6544C6-96F7-416A-A174-993AA3E8DC53}.Debug|Any CPU.Build.0 = Debug|Any CPU
		{EA6544C6-96F7-416A-A174-993AA3E8DC53}.Release|Any CPU.ActiveCfg = Release|Any CPU
		{EA6544C6-96F7-416A-A174-993AA3E8DC53}.Release|Any CPU.Build.0 = Release|Any CPU
		{B87C9C8C-6D1F-44DD-8DE8-571EBB52744D}.Debug|Any CPU.ActiveCfg = Debug|Any CPU
		{B87C9C8C-6D1F-44DD-8DE8-571EBB52744D}.Debug|Any CPU.Build.0 = Debug|Any CPU
		{B87C9C8C-6D1F-44DD-8DE8-571EBB52744D}.Release|Any CPU.ActiveCfg = Release|Any CPU
		{B87C9C8C-6D1F-44DD-8DE8-571EBB52744D}.Release|Any CPU.Build.0 = Release|Any CPU
		{CECF645F-CCEA-4CCA-AF0C-4CB715FEBAA9}.Debug|Any CPU.ActiveCfg = Debug|Any CPU
		{CECF645F-CCEA-4CCA-AF0C-4CB715FEBAA9}.Debug|Any CPU.Build.0 = Debug|Any CPU
		{CECF645F-CCEA-4CCA-AF0C-4CB715FEBAA9}.Release|Any CPU.ActiveCfg = Release|Any CPU
		{CECF645F-CCEA-4CCA-AF0C-4CB715FEBAA9}.Release|Any CPU.Build.0 = Release|Any CPU
		{1EA440B5-BA2D-449D-8481-C95C048FE898}.Debug|Any CPU.ActiveCfg = Debug|Any CPU
		{1EA440B5-BA2D-449D-8481-C95C048FE898}.Debug|Any CPU.Build.0 = Debug|Any CPU
		{1EA440B5-BA2D-449D-8481-C95C048FE898}.Release|Any CPU.ActiveCfg = Release|Any CPU
		{1EA440B5-BA2D-449D-8481-C95C048FE898}.Release|Any CPU.Build.0 = Release|Any CPU
		{7B7DCBB0-D8D9-486C-85AF-BA1056C57583}.Debug|Any CPU.ActiveCfg = Debug|Any CPU
		{7B7DCBB0-D8D9-486C-85AF-BA1056C57583}.Debug|Any CPU.Build.0 = Debug|Any CPU
		{7B7DCBB0-D8D9-486C-85AF-BA1056C57583}.Release|Any CPU.ActiveCfg = Release|Any CPU
		{7B7DCBB0-D8D9-486C-85AF-BA1056C57583}.Release|Any CPU.Build.0 = Release|Any CPU
		{303E1B36-B09F-4098-BF7C-0F6F991B2D59}.Debug|Any CPU.ActiveCfg = Debug|Any CPU
		{303E1B36-B09F-4098-BF7C-0F6F991B2D59}.Debug|Any CPU.Build.0 = Debug|Any CPU
		{303E1B36-B09F-4098-BF7C-0F6F991B2D59}.Release|Any CPU.ActiveCfg = Release|Any CPU
		{303E1B36-B09F-4098-BF7C-0F6F991B2D59}.Release|Any CPU.Build.0 = Release|Any CPU
	EndGlobalSection
	GlobalSection(SolutionProperties) = preSolution
		HideSolutionNode = FALSE
	EndGlobalSection
	GlobalSection(ExtensibilityGlobals) = postSolution
		SolutionGuid = {9C5531EE-CAEF-4D7C-A40A-FBF7E283E938}
	EndGlobalSection
EndGlobal
