
Microsoft Visual Studio Solution File, Format Version 12.00
# Visual Studio 15
VisualStudioVersion = 15.0.28010.0
MinimumVisualStudioVersion = 10.0.40219.1
Project("{FAE04EC0-301F-11D3-BF4B-00C04F79EFBC}") = "MultidimensionalArraysHomeWork", "MultidimensionalArraysHomeWork\MultidimensionalArraysHomeWork.csproj", "{3DB93F4E-D961-470F-BFE6-6ADFD6766B15}"
EndProject
Global
	GlobalSection(SolutionConfigurationPlatforms) = preSolution
		Debug|Any CPU = Debug|Any CPU
		Release|Any CPU = Release|Any CPU
	EndGlobalSection
	GlobalSection(ProjectConfigurationPlatforms) = postSolution
		{3DB93F4E-D961-470F-BFE6-6ADFD6766B15}.Debug|Any CPU.ActiveCfg = Debug|Any CPU
		{3DB93F4E-D961-470F-BFE6-6ADFD6766B15}.Debug|Any CPU.Build.0 = Debug|Any CPU
		{3DB93F4E-D961-470F-BFE6-6ADFD6766B15}.Release|Any CPU.ActiveCfg = Release|Any CPU
		{3DB93F4E-D961-470F-BFE6-6ADFD6766B15}.Release|Any CPU.Build.0 = Release|Any CPU
	EndGlobalSection
	GlobalSection(SolutionProperties) = preSolution
		HideSolutionNode = FALSE
	EndGlobalSection
	GlobalSection(ExtensibilityGlobals) = postSolution
		SolutionGuid = {D435C039-D1EA-4F33-A4F7-1CA254284ACE}
	EndGlobalSection
EndGlobal
